PODS:
  - Nocilla (0.10.0)

DEPENDENCIES:
  - Nocilla (from `https://github.com/pcantrell/Nocilla.git`, branch `delayed-response`)

EXTERNAL SOURCES:
  Nocilla:
    :branch: delayed-response
    :git: https://github.com/pcantrell/Nocilla.git

CHECKOUT OPTIONS:
  Nocilla:
    :commit: e978c8a4b0c29dadca6822e12b22bf7ac19cac28
    :git: https://github.com/pcantrell/Nocilla.git

SPEC CHECKSUMS:
  Nocilla: ae0a2b05f3087b473624ac2b25903695df51246a

COCOAPODS: 0.39.0
